// !$*UTF8*$!
{
	archiveVersion = 1;
	classes = {
	};
	objectVersion = 46;
	objects = {

/* Begin PBXBuildFile section */
		83DD65A51C9943CC00D1C253 /* FirstViewController.m in Sources */ = {isa = PBXBuildFile; fileRef = 83DD65981C9943CC00D1C253 /* FirstViewController.m */; };
		83DD65A61C9943CC00D1C253 /* MyNavController.m in Sources */ = {isa = PBXBuildFile; fileRef = 83DD659A1C9943CC00D1C253 /* MyNavController.m */; };
		83DD65A71C9943CC00D1C253 /* PopViewController.m in Sources */ = {isa = PBXBuildFile; fileRef = 83DD659C1C9943CC00D1C253 /* PopViewController.m */; };
		83DD65A81C9943CC00D1C253 /* NavItem.m in Sources */ = {isa = PBXBuildFile; fileRef = 83DD65A01C9943CC00D1C253 /* NavItem.m */; };
		83DD65A91C9943CC00D1C253 /* NavItem.xib in Resources */ = {isa = PBXBuildFile; fileRef = 83DD65A11C9943CC00D1C253 /* NavItem.xib */; };
		83DD65AA1C9943CC00D1C253 /* PopView.m in Sources */ = {isa = PBXBuildFile; fileRef = 83DD65A31C9943CC00D1C253 /* PopView.m */; };
		83DD65AB1C9943CC00D1C253 /* popView.xib in Resources */ = {isa = PBXBuildFile; fileRef = 83DD65A41C9943CC00D1C253 /* popView.xib */; };
		83DD65B11C99443B00D1C253 /* categories.plist in Resources */ = {isa = PBXBuildFile; fileRef = 83DD65AD1C99443B00D1C253 /* categories.plist */; };
		83DD65B21C99443B00D1C253 /* cities.plist in Resources */ = {isa = PBXBuildFile; fileRef = 83DD65AE1C99443B00D1C253 /* cities.plist */; };
		83DD65B31C99443B00D1C253 /* cityGroups.plist in Resources */ = {isa = PBXBuildFile; fileRef = 83DD65AF1C99443B00D1C253 /* cityGroups.plist */; };
		83DD65B41C99443B00D1C253 /* sorts.plist in Resources */ = {isa = PBXBuildFile; fileRef = 83DD65B01C99443B00D1C253 /* sorts.plist */; };
		83DD65B71C9944D700D1C253 /* CategoryModel.m in Sources */ = {isa = PBXBuildFile; fileRef = 83DD65B61C9944D700D1C253 /* CategoryModel.m */; };
		83EF94F51C9AA6870058B533 /* SearchCityResultViewController.m in Sources */ = {isa = PBXBuildFile; fileRef = 83EF94F41C9AA6870058B533 /* SearchCityResultViewController.m */; };
		83EF94F91C9AA8AF0058B533 /* UIView+AutoLayout.m in Sources */ = {isa = PBXBuildFile; fileRef = 83EF94F81C9AA8AF0058B533 /* UIView+AutoLayout.m */; };
		83EF94FC1C9ACCD00058B533 /* Cities.m in Sources */ = {isa = PBXBuildFile; fileRef = 83EF94FB1C9ACCD00058B533 /* Cities.m */; };
		83F782D01C97BD7C009406B6 /* main.m in Sources */ = {isa = PBXBuildFile; fileRef = 83F782CF1C97BD7C009406B6 /* main.m */; };
		83F782D31C97BD7C009406B6 /* AppDelegate.m in Sources */ = {isa = PBXBuildFile; fileRef = 83F782D21C97BD7C009406B6 /* AppDelegate.m */; };
		83F782DB1C97BD7C009406B6 /* Assets.xcassets in Resources */ = {isa = PBXBuildFile; fileRef = 83F782DA1C97BD7C009406B6 /* Assets.xcassets */; };
		B6C0CAF51C99A9C4009871E6 /* SecondPopViewController.m in Sources */ = {isa = PBXBuildFile; fileRef = B6C0CAF31C99A9C4009871E6 /* SecondPopViewController.m */; };
		B6C0CAF61C99A9C4009871E6 /* SecondPopViewController.xib in Resources */ = {isa = PBXBuildFile; fileRef = B6C0CAF41C99A9C4009871E6 /* SecondPopViewController.xib */; };
		B6C0CAF91C99B1E7009871E6 /* CityGroupModel.m in Sources */ = {isa = PBXBuildFile; fileRef = B6C0CAF81C99B1E7009871E6 /* CityGroupModel.m */; };
		B6C0CAFD1C99BF8E009871E6 /* ChangeCityViewController.m in Sources */ = {isa = PBXBuildFile; fileRef = B6C0CAFB1C99BF8E009871E6 /* ChangeCityViewController.m */; };
		B6C0CAFE1C99BF8E009871E6 /* ChangeCityViewController.xib in Resources */ = {isa = PBXBuildFile; fileRef = B6C0CAFC1C99BF8E009871E6 /* ChangeCityViewController.xib */; };
/* End PBXBuildFile section */

/* Begin PBXFileReference section */
		83DD65971C9943CC00D1C253 /* FirstViewController.h */ = {isa = PBXFileReference; fileEncoding = 4; lastKnownFileType = sourcecode.c.h; path = FirstViewController.h; sourceTree = "<group>"; };
		83DD65981C9943CC00D1C253 /* FirstViewController.m */ = {isa = PBXFileReference; fileEncoding = 4; lastKnownFileType = sourcecode.c.objc; path = FirstViewController.m; sourceTree = "<group>"; };
		83DD65991C9943CC00D1C253 /* MyNavController.h */ = {isa = PBXFileReference; fileEncoding = 4; lastKnownFileType = sourcecode.c.h; path = MyNavController.h; sourceTree = "<group>"; };
		83DD659A1C9943CC00D1C253 /* MyNavController.m */ = {isa = PBXFileReference; fileEncoding = 4; lastKnownFileType = sourcecode.c.objc; path = MyNavController.m; sourceTree = "<group>"; };
		83DD659B1C9943CC00D1C253 /* PopViewController.h */ = {isa = PBXFileReference; fileEncoding = 4; lastKnownFileType = sourcecode.c.h; path = PopViewController.h; sourceTree = "<group>"; };
		83DD659C1C9943CC00D1C253 /* PopViewController.m */ = {isa = PBXFileReference; fileEncoding = 4; lastKnownFileType = sourcecode.c.objc; path = PopViewController.m; sourceTree = "<group>"; };
		83DD659F1C9943CC00D1C253 /* NavItem.h */ = {isa = PBXFileReference; fileEncoding = 4; lastKnownFileType = sourcecode.c.h; path = NavItem.h; sourceTree = "<group>"; };
		83DD65A01C9943CC00D1C253 /* NavItem.m */ = {isa = PBXFileReference; fileEncoding = 4; lastKnownFileType = sourcecode.c.objc; path = NavItem.m; sourceTree = "<group>"; };
		83DD65A11C9943CC00D1C253 /* NavItem.xib */ = {isa = PBXFileReference; fileEncoding = 4; lastKnownFileType = file.xib; path = NavItem.xib; sourceTree = "<group>"; };
		83DD65A21C9943CC00D1C253 /* PopView.h */ = {isa = PBXFileReference; fileEncoding = 4; lastKnownFileType = sourcecode.c.h; path = PopView.h; sourceTree = "<group>"; };
		83DD65A31C9943CC00D1C253 /* PopView.m */ = {isa = PBXFileReference; fileEncoding = 4; lastKnownFileType = sourcecode.c.objc; path = PopView.m; sourceTree = "<group>"; };
		83DD65A41C9943CC00D1C253 /* popView.xib */ = {isa = PBXFileReference; fileEncoding = 4; lastKnownFileType = file.xib; path = popView.xib; sourceTree = "<group>"; };
		83DD65AD1C99443B00D1C253 /* categories.plist */ = {isa = PBXFileReference; fileEncoding = 4; lastKnownFileType = text.plist.xml; path = categories.plist; sourceTree = "<group>"; };
		83DD65AE1C99443B00D1C253 /* cities.plist */ = {isa = PBXFileReference; fileEncoding = 4; lastKnownFileType = text.plist.xml; path = cities.plist; sourceTree = "<group>"; };
		83DD65AF1C99443B00D1C253 /* cityGroups.plist */ = {isa = PBXFileReference; fileEncoding = 4; lastKnownFileType = text.plist.xml; path = cityGroups.plist; sourceTree = "<group>"; };
		83DD65B01C99443B00D1C253 /* sorts.plist */ = {isa = PBXFileReference; fileEncoding = 4; lastKnownFileType = text.plist.xml; path = sorts.plist; sourceTree = "<group>"; };
		83DD65B51C9944D700D1C253 /* CategoryModel.h */ = {isa = PBXFileReference; fileEncoding = 4; lastKnownFileType = sourcecode.c.h; path = CategoryModel.h; sourceTree = "<group>"; };
		83DD65B61C9944D700D1C253 /* CategoryModel.m */ = {isa = PBXFileReference; fileEncoding = 4; lastKnownFileType = sourcecode.c.objc; path = CategoryModel.m; sourceTree = "<group>"; };
		83EF94F31C9AA6870058B533 /* SearchCityResultViewController.h */ = {isa = PBXFileReference; fileEncoding = 4; lastKnownFileType = sourcecode.c.h; path = SearchCityResultViewController.h; sourceTree = "<group>"; };
		83EF94F41C9AA6870058B533 /* SearchCityResultViewController.m */ = {isa = PBXFileReference; fileEncoding = 4; lastKnownFileType = sourcecode.c.objc; path = SearchCityResultViewController.m; sourceTree = "<group>"; };
		83EF94F71C9AA8AF0058B533 /* UIView+AutoLayout.h */ = {isa = PBXFileReference; fileEncoding = 4; lastKnownFileType = sourcecode.c.h; path = "UIView+AutoLayout.h"; sourceTree = "<group>"; };
		83EF94F81C9AA8AF0058B533 /* UIView+AutoLayout.m */ = {isa = PBXFileReference; fileEncoding = 4; lastKnownFileType = sourcecode.c.objc; path = "UIView+AutoLayout.m"; sourceTree = "<group>"; };
		83EF94FA1C9ACCD00058B533 /* Cities.h */ = {isa = PBXFileReference; fileEncoding = 4; lastKnownFileType = sourcecode.c.h; path = Cities.h; sourceTree = "<group>"; };
		83EF94FB1C9ACCD00058B533 /* Cities.m */ = {isa = PBXFileReference; fileEncoding = 4; lastKnownFileType = sourcecode.c.objc; path = Cities.m; sourceTree = "<group>"; };
		83F782CB1C97BD7C009406B6 /* GroupBuying.app */ = {isa = PBXFileReference; explicitFileType = wrapper.application; includeInIndex = 0; path = GroupBuying.app; sourceTree = BUILT_PRODUCTS_DIR; };
		83F782CF1C97BD7C009406B6 /* main.m */ = {isa = PBXFileReference; lastKnownFileType = sourcecode.c.objc; path = main.m; sourceTree = "<group>"; };
		83F782D11C97BD7C009406B6 /* AppDelegate.h */ = {isa = PBXFileReference; lastKnownFileType = sourcecode.c.h; path = AppDelegate.h; sourceTree = "<group>"; };
		83F782D21C97BD7C009406B6 /* AppDelegate.m */ = {isa = PBXFileReference; lastKnownFileType = sourcecode.c.objc; path = AppDelegate.m; sourceTree = "<group>"; };
		83F782DA1C97BD7C009406B6 /* Assets.xcassets */ = {isa = PBXFileReference; lastKnownFileType = folder.assetcatalog; path = Assets.xcassets; sourceTree = "<group>"; };
		83F782DF1C97BD7C009406B6 /* Info.plist */ = {isa = PBXFileReference; lastKnownFileType = text.plist.xml; path = Info.plist; sourceTree = "<group>"; };
		B6C0CAF21C99A9C4009871E6 /* SecondPopViewController.h */ = {isa = PBXFileReference; fileEncoding = 4; lastKnownFileType = sourcecode.c.h; path = SecondPopViewController.h; sourceTree = "<group>"; };
		B6C0CAF31C99A9C4009871E6 /* SecondPopViewController.m */ = {isa = PBXFileReference; fileEncoding = 4; lastKnownFileType = sourcecode.c.objc; path = SecondPopViewController.m; sourceTree = "<group>"; };
		B6C0CAF41C99A9C4009871E6 /* SecondPopViewController.xib */ = {isa = PBXFileReference; fileEncoding = 4; lastKnownFileType = file.xib; path = SecondPopViewController.xib; sourceTree = "<group>"; };
		B6C0CAF71C99B1E7009871E6 /* CityGroupModel.h */ = {isa = PBXFileReference; fileEncoding = 4; lastKnownFileType = sourcecode.c.h; path = CityGroupModel.h; sourceTree = "<group>"; };
		B6C0CAF81C99B1E7009871E6 /* CityGroupModel.m */ = {isa = PBXFileReference; fileEncoding = 4; lastKnownFileType = sourcecode.c.objc; path = CityGroupModel.m; sourceTree = "<group>"; };
		B6C0CAFA1C99BF8E009871E6 /* ChangeCityViewController.h */ = {isa = PBXFileReference; fileEncoding = 4; lastKnownFileType = sourcecode.c.h; path = ChangeCityViewController.h; sourceTree = "<group>"; };
		B6C0CAFB1C99BF8E009871E6 /* ChangeCityViewController.m */ = {isa = PBXFileReference; fileEncoding = 4; lastKnownFileType = sourcecode.c.objc; path = ChangeCityViewController.m; sourceTree = "<group>"; };
		B6C0CAFC1C99BF8E009871E6 /* ChangeCityViewController.xib */ = {isa = PBXFileReference; fileEncoding = 4; lastKnownFileType = file.xib; path = ChangeCityViewController.xib; sourceTree = "<group>"; };
/* End PBXFileReference section */

/* Begin PBXFrameworksBuildPhase section */
		83F782C81C97BD7C009406B6 /* Frameworks */ = {
			isa = PBXFrameworksBuildPhase;
			buildActionMask = 2147483647;
			files = (
			);
			runOnlyForDeploymentPostprocessing = 0;
		};
/* End PBXFrameworksBuildPhase section */

/* Begin PBXGroup section */
		83DD65961C9943CC00D1C253 /* Controller */ = {
			isa = PBXGroup;
			children = (
				83DD65971C9943CC00D1C253 /* FirstViewController.h */,
				83DD65981C9943CC00D1C253 /* FirstViewController.m */,
				83DD65991C9943CC00D1C253 /* MyNavController.h */,
				83DD659A1C9943CC00D1C253 /* MyNavController.m */,
				83DD659B1C9943CC00D1C253 /* PopViewController.h */,
				83DD659C1C9943CC00D1C253 /* PopViewController.m */,
				B6C0CAF21C99A9C4009871E6 /* SecondPopViewController.h */,
				B6C0CAF31C99A9C4009871E6 /* SecondPopViewController.m */,
				B6C0CAF41C99A9C4009871E6 /* SecondPopViewController.xib */,
				B6C0CAFA1C99BF8E009871E6 /* ChangeCityViewController.h */,
				B6C0CAFB1C99BF8E009871E6 /* ChangeCityViewController.m */,
				B6C0CAFC1C99BF8E009871E6 /* ChangeCityViewController.xib */,
				83EF94F31C9AA6870058B533 /* SearchCityResultViewController.h */,
				83EF94F41C9AA6870058B533 /* SearchCityResultViewController.m */,
			);
			path = Controller;
			sourceTree = "<group>";
		};
		83DD659D1C9943CC00D1C253 /* Model */ = {
			isa = PBXGroup;
			children = (
				83DD65B51C9944D700D1C253 /* CategoryModel.h */,
				83DD65B61C9944D700D1C253 /* CategoryModel.m */,
				B6C0CAF71C99B1E7009871E6 /* CityGroupModel.h */,
				B6C0CAF81C99B1E7009871E6 /* CityGroupModel.m */,
				83EF94FA1C9ACCD00058B533 /* Cities.h */,
				83EF94FB1C9ACCD00058B533 /* Cities.m */,
			);
			path = Model;
			sourceTree = "<group>";
		};
		83DD659E1C9943CC00D1C253 /* View */ = {
			isa = PBXGroup;
			children = (
				83DD659F1C9943CC00D1C253 /* NavItem.h */,
				83DD65A01C9943CC00D1C253 /* NavItem.m */,
				83DD65A11C9943CC00D1C253 /* NavItem.xib */,
				83DD65A21C9943CC00D1C253 /* PopView.h */,
				83DD65A31C9943CC00D1C253 /* PopView.m */,
				83DD65A41C9943CC00D1C253 /* popView.xib */,
			);
			path = View;
			sourceTree = "<group>";
		};
		83DD65AC1C99443B00D1C253 /* PlistData */ = {
			isa = PBXGroup;
			children = (
				83DD65AD1C99443B00D1C253 /* categories.plist */,
				83DD65AE1C99443B00D1C253 /* cities.plist */,
				83DD65AF1C99443B00D1C253 /* cityGroups.plist */,
				83DD65B01C99443B00D1C253 /* sorts.plist */,
			);
			path = PlistData;
			sourceTree = "<group>";
		};
		83EF94F61C9AA8AF0058B533 /* Extention */ = {
			isa = PBXGroup;
			children = (
				83EF94F71C9AA8AF0058B533 /* UIView+AutoLayout.h */,
				83EF94F81C9AA8AF0058B533 /* UIView+AutoLayout.m */,
			);
			path = Extention;
			sourceTree = "<group>";
		};
		83F782C21C97BD7C009406B6 = {
			isa = PBXGroup;
			children = (
				83F782CD1C97BD7C009406B6 /* GroupBuying */,
				83F782CC1C97BD7C009406B6 /* Products */,
			);
			sourceTree = "<group>";
		};
		83F782CC1C97BD7C009406B6 /* Products */ = {
			isa = PBXGroup;
			children = (
				83F782CB1C97BD7C009406B6 /* GroupBuying.app */,
			);
			name = Products;
			sourceTree = "<group>";
		};
		83F782CD1C97BD7C009406B6 /* GroupBuying */ = {
			isa = PBXGroup;
			children = (
				83DD65961C9943CC00D1C253 /* Controller */,
				83DD659D1C9943CC00D1C253 /* Model */,
				83DD659E1C9943CC00D1C253 /* View */,
				83EF94F61C9AA8AF0058B533 /* Extention */,
				83F782D11C97BD7C009406B6 /* AppDelegate.h */,
				83F782D21C97BD7C009406B6 /* AppDelegate.m */,
				83F782DA1C97BD7C009406B6 /* Assets.xcassets */,
				83F782DF1C97BD7C009406B6 /* Info.plist */,
				83F782CE1C97BD7C009406B6 /* Supporting Files */,
			);
			path = GroupBuying;
			sourceTree = "<group>";
		};
		83F782CE1C97BD7C009406B6 /* Supporting Files */ = {
			isa = PBXGroup;
			children = (
				83DD65AC1C99443B00D1C253 /* PlistData */,
				83F782CF1C97BD7C009406B6 /* main.m */,
			);
			name = "Supporting Files";
			sourceTree = "<group>";
		};
/* End PBXGroup section */

/* Begin PBXNativeTarget section */
		83F782CA1C97BD7C009406B6 /* GroupBuying */ = {
			isa = PBXNativeTarget;
			buildConfigurationList = 83F782E21C97BD7C009406B6 /* Build configuration list for PBXNativeTarget "GroupBuying" */;
			buildPhases = (
				83F782C71C97BD7C009406B6 /* Sources */,
				83F782C81C97BD7C009406B6 /* Frameworks */,
				83F782C91C97BD7C009406B6 /* Resources */,
			);
			buildRules = (
			);
			dependencies = (
			);
			name = GroupBuying;
			productName = GroupBuying;
			productReference = 83F782CB1C97BD7C009406B6 /* GroupBuying.app */;
			productType = "com.apple.product-type.application";
		};
/* End PBXNativeTarget section */

/* Begin PBXProject section */
		83F782C31C97BD7C009406B6 /* Project object */ = {
			isa = PBXProject;
			attributes = {
				LastUpgradeCheck = 0710;
				ORGANIZATIONNAME = Chris;
				TargetAttributes = {
					83F782CA1C97BD7C009406B6 = {
						CreatedOnToolsVersion = 7.1.1;
					};
				};
			};
			buildConfigurationList = 83F782C61C97BD7C009406B6 /* Build configuration list for PBXProject "GroupBuying" */;
			compatibilityVersion = "Xcode 3.2";
			developmentRegion = English;
			hasScannedForEncodings = 0;
			knownRegions = (
				en,
				Base,
			);
			mainGroup = 83F782C21C97BD7C009406B6;
			productRefGroup = 83F782CC1C97BD7C009406B6 /* Products */;
			projectDirPath = "";
			projectRoot = "";
			targets = (
				83F782CA1C97BD7C009406B6 /* GroupBuying */,
			);
		};
/* End PBXProject section */

/* Begin PBXResourcesBuildPhase section */
		83F782C91C97BD7C009406B6 /* Resources */ = {
			isa = PBXResourcesBuildPhase;
			buildActionMask = 2147483647;
			files = (
				83DD65B11C99443B00D1C253 /* categories.plist in Resources */,
				83DD65A91C9943CC00D1C253 /* NavItem.xib in Resources */,
				83DD65B41C99443B00D1C253 /* sorts.plist in Resources */,
				83DD65AB1C9943CC00D1C253 /* popView.xib in Resources */,
				83DD65B21C99443B00D1C253 /* cities.plist in Resources */,
				83F782DB1C97BD7C009406B6 /* Assets.xcassets in Resources */,
				B6C0CAF61C99A9C4009871E6 /* SecondPopViewController.xib in Resources */,
				83DD65B31C99443B00D1C253 /* cityGroups.plist in Resources */,
				B6C0CAFE1C99BF8E009871E6 /* ChangeCityViewController.xib in Resources */,
			);
			runOnlyForDeploymentPostprocessing = 0;
		};
/* End PBXResourcesBuildPhase section */

/* Begin PBXSourcesBuildPhase section */
		83F782C71C97BD7C009406B6 /* Sources */ = {
			isa = PBXSourcesBuildPhase;
			buildActionMask = 2147483647;
			files = (
				83F782D31C97BD7C009406B6 /* AppDelegate.m in Sources */,
				83DD65B71C9944D700D1C253 /* CategoryModel.m in Sources */,
				83EF94FC1C9ACCD00058B533 /* Cities.m in Sources */,
				B6C0CAFD1C99BF8E009871E6 /* ChangeCityViewController.m in Sources */,
				83F782D01C97BD7C009406B6 /* main.m in Sources */,
				83DD65AA1C9943CC00D1C253 /* PopView.m in Sources */,
				83EF94F91C9AA8AF0058B533 /* UIView+AutoLayout.m in Sources */,
				83DD65A71C9943CC00D1C253 /* PopViewController.m in Sources */,
				83DD65A61C9943CC00D1C253 /* MyNavController.m in Sources */,
				83DD65A81C9943CC00D1C253 /* NavItem.m in Sources */,
				83EF94F51C9AA6870058B533 /* SearchCityResultViewController.m in Sources */,
				83DD65A51C9943CC00D1C253 /* FirstViewController.m in Sources */,
				B6C0CAF91C99B1E7009871E6 /* CityGroupModel.m in Sources */,
				B6C0CAF51C99A9C4009871E6 /* SecondPopViewController.m in Sources */,
			);
			runOnlyForDeploymentPostprocessing = 0;
		};
/* End PBXSourcesBuildPhase section */

/* Begin XCBuildConfiguration section */
		83F782E01C97BD7C009406B6 /* Debug */ = {
			isa = XCBuildConfiguration;
			buildSettings = {
				ALWAYS_SEARCH_USER_PATHS = NO;
				CLANG_CXX_LANGUAGE_STANDARD = "gnu++0x";
				CLANG_CXX_LIBRARY = "libc++";
				CLANG_ENABLE_MODULES = YES;
				CLANG_ENABLE_OBJC_ARC = YES;
				CLANG_WARN_BOOL_CONVERSION = YES;
				CLANG_WARN_CONSTANT_CONVERSION = YES;
				CLANG_WARN_DIRECT_OBJC_ISA_USAGE = YES_ERROR;
				CLANG_WARN_EMPTY_BODY = YES;
				CLANG_WARN_ENUM_CONVERSION = YES;
				CLANG_WARN_INT_CONVERSION = YES;
				CLANG_WARN_OBJC_ROOT_CLASS = YES_ERROR;
				CLANG_WARN_UNREACHABLE_CODE = YES;
				CLANG_WARN__DUPLICATE_METHOD_MATCH = YES;
				"CODE_SIGN_IDENTITY[sdk=iphoneos*]" = "iPhone Developer";
				COPY_PHASE_STRIP = NO;
				DEBUG_INFORMATION_FORMAT = dwarf;
				ENABLE_STRICT_OBJC_MSGSEND = YES;
				ENABLE_TESTABILITY = YES;
				GCC_C_LANGUAGE_STANDARD = gnu99;
				GCC_DYNAMIC_NO_PIC = NO;
				GCC_NO_COMMON_BLOCKS = YES;
				GCC_OPTIMIZATION_LEVEL = 0;
				GCC_PREPROCESSOR_DEFINITIONS = (
					"DEBUG=1",
					"$(inherited)",
				);
				GCC_WARN_64_TO_32_BIT_CONVERSION = YES;
				GCC_WARN_ABOUT_RETURN_TYPE = YES_ERROR;
				GCC_WARN_UNDECLARED_SELECTOR = YES;
				GCC_WARN_UNINITIALIZED_AUTOS = YES_AGGRESSIVE;
				GCC_WARN_UNUSED_FUNCTION = YES;
				GCC_WARN_UNUSED_VARIABLE = YES;
				IPHONEOS_DEPLOYMENT_TARGET = 9.1;
				MTL_ENABLE_DEBUG_INFO = YES;
				ONLY_ACTIVE_ARCH = YES;
				SDKROOT = iphoneos;
				TARGETED_DEVICE_FAMILY = 2;
			};
			name = Debug;
		};
		83F782E11C97BD7C009406B6 /* Release */ = {
			isa = XCBuildConfiguration;
			buildSettings = {
				ALWAYS_SEARCH_USER_PATHS = NO;
				CLANG_CXX_LANGUAGE_STANDARD = "gnu++0x";
				CLANG_CXX_LIBRARY = "libc++";
				CLANG_ENABLE_MODULES = YES;
				CLANG_ENABLE_OBJC_ARC = YES;
				CLANG_WARN_BOOL_CONVERSION = YES;
				CLANG_WARN_CONSTANT_CONVERSION = YES;
				CLANG_WARN_DIRECT_OBJC_ISA_USAGE = YES_ERROR;
				CLANG_WARN_EMPTY_BODY = YES;
				CLANG_WARN_ENUM_CONVERSION = YES;
				CLANG_WARN_INT_CONVERSION = YES;
				CLANG_WARN_OBJC_ROOT_CLASS = YES_ERROR;
				CLANG_WARN_UNREACHABLE_CODE = YES;
				CLANG_WARN__DUPLICATE_METHOD_MATCH = YES;
				"CODE_SIGN_IDENTITY[sdk=iphoneos*]" = "iPhone Developer";
				COPY_PHASE_STRIP = NO;
				DEBUG_INFORMATION_FORMAT = "dwarf-with-dsym";
				ENABLE_NS_ASSERTIONS = NO;
				ENABLE_STRICT_OBJC_MSGSEND = YES;
				GCC_C_LANGUAGE_STANDARD = gnu99;
				GCC_NO_COMMON_BLOCKS = YES;
				GCC_WARN_64_TO_32_BIT_CONVERSION = YES;
				GCC_WARN_ABOUT_RETURN_TYPE = YES_ERROR;
				GCC_WARN_UNDECLARED_SELECTOR = YES;
				GCC_WARN_UNINITIALIZED_AUTOS = YES_AGGRESSIVE;
				GCC_WARN_UNUSED_FUNCTION = YES;
				GCC_WARN_UNUSED_VARIABLE = YES;
				IPHONEOS_DEPLOYMENT_TARGET = 9.1;
				MTL_ENABLE_DEBUG_INFO = NO;
				SDKROOT = iphoneos;
				TARGETED_DEVICE_FAMILY = 2;
				VALIDATE_PRODUCT = YES;
			};
			name = Release;
		};
		83F782E31C97BD7C009406B6 /* Debug */ = {
			isa = XCBuildConfiguration;
			buildSettings = {
				ASSETCATALOG_COMPILER_APPICON_NAME = AppIcon;
				ASSETCATALOG_COMPILER_LAUNCHIMAGE_NAME = "Brand Assets";
				INFOPLIST_FILE = GroupBuying/Info.plist;
				LD_RUNPATH_SEARCH_PATHS = "$(inherited) @executable_path/Frameworks";
				PRODUCT_BUNDLE_IDENTIFIER = chris.com.GroupBuying;
				PRODUCT_NAME = "$(TARGET_NAME)";
			};
			name = Debug;
		};
		83F782E41C97BD7C009406B6 /* Release */ = {
			isa = XCBuildConfiguration;
			buildSettings = {
				ASSETCATALOG_COMPILER_APPICON_NAME = AppIcon;
				ASSETCATALOG_COMPILER_LAUNCHIMAGE_NAME = "Brand Assets";
				INFOPLIST_FILE = GroupBuying/Info.plist;
				LD_RUNPATH_SEARCH_PATHS = "$(inherited) @executable_path/Frameworks";
				PRODUCT_BUNDLE_IDENTIFIER = chris.com.GroupBuying;
				PRODUCT_NAME = "$(TARGET_NAME)";
			};
			name = Release;
		};
/* End XCBuildConfiguration section */

/* Begin XCConfigurationList section */
		83F782C61C97BD7C009406B6 /* Build configuration list for PBXProject "GroupBuying" */ = {
			isa = XCConfigurationList;
			buildConfigurations = (
				83F782E01C97BD7C009406B6 /* Debug */,
				83F782E11C97BD7C009406B6 /* Release */,
			);
			defaultConfigurationIsVisible = 0;
			defaultConfigurationName = Release;
		};
		83F782E21C97BD7C009406B6 /* Build configuration list for PBXNativeTarget "GroupBuying" */ = {
			isa = XCConfigurationList;
			buildConfigurations = (
				83F782E31C97BD7C009406B6 /* Debug */,
				83F782E41C97BD7C009406B6 /* Release */,
			);
			defaultConfigurationIsVisible = 0;
			defaultConfigurationName = Release;
		};
/* End XCConfigurationList section */
	};
	rootObject = 83F782C31C97BD7C009406B6 /* Project object */;
}
